
Microsoft Visual Studio Solution File, Format Version 12.00
# Visual Studio 2012
Project("{FAE04EC0-301F-11D3-BF4B-00C04F79EFBC}") = "Footprint.Site", "Footprint.Site\Footprint.Site.csproj", "{9B4B30BA-8A1A-41F3-B4C2-C35AAD487AE3}"
EndProject
Project("{FAE04EC0-301F-11D3-BF4B-00C04F79EFBC}") = "Footprint.Site.Tests", "Footprint.Site.Tests\Footprint.Site.Tests.csproj", "{D009D114-8292-4ECE-B57F-204C247947CE}"
EndProject
Global
	GlobalSection(SolutionConfigurationPlatforms) = preSolution
		Debug|Any CPU = Debug|Any CPU
		Release|Any CPU = Release|Any CPU
	EndGlobalSection
	GlobalSection(ProjectConfigurationPlatforms) = postSolution
		{9B4B30BA-8A1A-41F3-B4C2-C35AAD487AE3}.Debug|Any CPU.ActiveCfg = Debug|Any CPU
		{9B4B30BA-8A1A-41F3-B4C2-C35AAD487AE3}.Debug|Any CPU.Build.0 = Debug|Any CPU
		{9B4B30BA-8A1A-41F3-B4C2-C35AAD487AE3}.Release|Any CPU.ActiveCfg = Release|Any CPU
		{9B4B30BA-8A1A-41F3-B4C2-C35AAD487AE3}.Release|Any CPU.Build.0 = Release|Any CPU
		{D009D114-8292-4ECE-B57F-204C247947CE}.Debug|Any CPU.ActiveCfg = Debug|Any CPU
		{D009D114-8292-4ECE-B57F-204C247947CE}.Debug|Any CPU.Build.0 = Debug|Any CPU
		{D009D114-8292-4ECE-B57F-204C247947CE}.Release|Any CPU.ActiveCfg = Release|Any CPU
		{D009D114-8292-4ECE-B57F-204C247947CE}.Release|Any CPU.Build.0 = Release|Any CPU
	EndGlobalSection
	GlobalSection(SolutionProperties) = preSolution
		HideSolutionNode = FALSE
	EndGlobalSection
EndGlobal
